// !$*UTF8*$!
{
	archiveVersion = 1;
	classes = {
	};
	objectVersion = 46;
	objects = {

/* Begin PBXBuildFile section */
		21149D281A72B43300C34F40 /* ExtraAI_Quick.cpp in Sources */ = {isa = PBXBuildFile; fileRef = 21149D271A72B43300C34F40 /* ExtraAI_Quick.cpp */; };
		21149D2B1A73EABD00C34F40 /* PlayerUnit.cpp in Sources */ = {isa = PBXBuildFile; fileRef = 21149D291A73EABD00C34F40 /* PlayerUnit.cpp */; };
		213DC4381A492BFE00E5DC85 /* Library.cpp in Sources */ = {isa = PBXBuildFile; fileRef = 213DC4361A492BFE00E5DC85 /* Library.cpp */; };
		216121181A4890A100C7C139 /* Player.cpp in Sources */ = {isa = PBXBuildFile; fileRef = 216121161A4890A100C7C139 /* Player.cpp */; };
		2161211B1A4890AD00C7C139 /* Field.cpp in Sources */ = {isa = PBXBuildFile; fileRef = 216121191A4890AD00C7C139 /* Field.cpp */; };
		2161211E1A4890BD00C7C139 /* Game.cpp in Sources */ = {isa = PBXBuildFile; fileRef = 2161211C1A4890BD00C7C139 /* Game.cpp */; };
		216121211A48925100C7C139 /* AI.cpp in Sources */ = {isa = PBXBuildFile; fileRef = 2161211F1A48925100C7C139 /* AI.cpp */; };
		216DBDB61A5ECA62002942FF /* QuickAI.cpp in Sources */ = {isa = PBXBuildFile; fileRef = 216DBDB41A5ECA62002942FF /* QuickAI.cpp */; };
		2172155B1A6A632E00E3F464 /* ExtraAI_Base.cpp in Sources */ = {isa = PBXBuildFile; fileRef = 217215591A6A632E00E3F464 /* ExtraAI_Base.cpp */; };
		218904651A6ED1BB008372A7 /* ExtraAI_Search.cpp in Sources */ = {isa = PBXBuildFile; fileRef = 218904641A6ED1BB008372A7 /* ExtraAI_Search.cpp */; };
		218904671A6ED1DB008372A7 /* ExtraAI_Custom.cpp in Sources */ = {isa = PBXBuildFile; fileRef = 218904661A6ED1DB008372A7 /* ExtraAI_Custom.cpp */; };
		219D56411A3F47BE00162FEA /* main.cpp in Sources */ = {isa = PBXBuildFile; fileRef = 219D56401A3F47BE00162FEA /* main.cpp */; };
		219D56491A3F497F00162FEA /* IOManager.cpp in Sources */ = {isa = PBXBuildFile; fileRef = 219D56471A3F497F00162FEA /* IOManager.cpp */; };
/* End PBXBuildFile section */

/* Begin PBXCopyFilesBuildPhase section */
		219D563B1A3F47BE00162FEA /* CopyFiles */ = {
			isa = PBXCopyFilesBuildPhase;
			buildActionMask = 2147483647;
			dstPath = /usr/share/man/man1/;
			dstSubfolderSpec = 0;
			files = (
			);
			runOnlyForDeploymentPostprocessing = 1;
		};
/* End PBXCopyFilesBuildPhase section */

/* Begin PBXFileReference section */
		21149D271A72B43300C34F40 /* ExtraAI_Quick.cpp */ = {isa = PBXFileReference; fileEncoding = 4; lastKnownFileType = sourcecode.cpp.cpp; path = ExtraAI_Quick.cpp; sourceTree = "<group>"; };
		21149D291A73EABD00C34F40 /* PlayerUnit.cpp */ = {isa = PBXFileReference; fileEncoding = 4; lastKnownFileType = sourcecode.cpp.cpp; path = PlayerUnit.cpp; sourceTree = "<group>"; };
		21149D2A1A73EABD00C34F40 /* PlayerUnit.h */ = {isa = PBXFileReference; fileEncoding = 4; lastKnownFileType = sourcecode.c.h; path = PlayerUnit.h; sourceTree = "<group>"; };
		213DC4361A492BFE00E5DC85 /* Library.cpp */ = {isa = PBXFileReference; fileEncoding = 4; lastKnownFileType = sourcecode.cpp.cpp; path = Library.cpp; sourceTree = "<group>"; };
		213DC4371A492BFE00E5DC85 /* Library.h */ = {isa = PBXFileReference; fileEncoding = 4; lastKnownFileType = sourcecode.c.h; path = Library.h; sourceTree = "<group>"; };
		216121161A4890A100C7C139 /* Player.cpp */ = {isa = PBXFileReference; fileEncoding = 4; lastKnownFileType = sourcecode.cpp.cpp; path = Player.cpp; sourceTree = "<group>"; };
		216121171A4890A100C7C139 /* Player.h */ = {isa = PBXFileReference; fileEncoding = 4; lastKnownFileType = sourcecode.c.h; path = Player.h; sourceTree = "<group>"; };
		216121191A4890AD00C7C139 /* Field.cpp */ = {isa = PBXFileReference; fileEncoding = 4; lastKnownFileType = sourcecode.cpp.cpp; path = Field.cpp; sourceTree = "<group>"; };
		2161211A1A4890AD00C7C139 /* Field.h */ = {isa = PBXFileReference; fileEncoding = 4; lastKnownFileType = sourcecode.c.h; path = Field.h; sourceTree = "<group>"; };
		2161211C1A4890BD00C7C139 /* Game.cpp */ = {isa = PBXFileReference; fileEncoding = 4; lastKnownFileType = sourcecode.cpp.cpp; path = Game.cpp; sourceTree = "<group>"; };
		2161211D1A4890BD00C7C139 /* Game.h */ = {isa = PBXFileReference; fileEncoding = 4; lastKnownFileType = sourcecode.c.h; path = Game.h; sourceTree = "<group>"; };
		2161211F1A48925100C7C139 /* AI.cpp */ = {isa = PBXFileReference; fileEncoding = 4; lastKnownFileType = sourcecode.cpp.cpp; path = AI.cpp; sourceTree = "<group>"; };
		216121201A48925100C7C139 /* AI.h */ = {isa = PBXFileReference; fileEncoding = 4; lastKnownFileType = sourcecode.c.h; path = AI.h; sourceTree = "<group>"; };
		216DBDB41A5ECA62002942FF /* QuickAI.cpp */ = {isa = PBXFileReference; fileEncoding = 4; lastKnownFileType = sourcecode.cpp.cpp; path = QuickAI.cpp; sourceTree = "<group>"; };
		216DBDB51A5ECA62002942FF /* QuickAI.h */ = {isa = PBXFileReference; fileEncoding = 4; lastKnownFileType = sourcecode.c.h; path = QuickAI.h; sourceTree = "<group>"; };
		217215591A6A632E00E3F464 /* ExtraAI_Base.cpp */ = {isa = PBXFileReference; fileEncoding = 4; lastKnownFileType = sourcecode.cpp.cpp; path = ExtraAI_Base.cpp; sourceTree = "<group>"; };
		2172155A1A6A632E00E3F464 /* ExtraAI.h */ = {isa = PBXFileReference; fileEncoding = 4; lastKnownFileType = sourcecode.c.h; path = ExtraAI.h; sourceTree = "<group>"; };
		218904641A6ED1BB008372A7 /* ExtraAI_Search.cpp */ = {isa = PBXFileReference; fileEncoding = 4; lastKnownFileType = sourcecode.cpp.cpp; path = ExtraAI_Search.cpp; sourceTree = "<group>"; };
		218904661A6ED1DB008372A7 /* ExtraAI_Custom.cpp */ = {isa = PBXFileReference; fileEncoding = 4; lastKnownFileType = sourcecode.cpp.cpp; path = ExtraAI_Custom.cpp; sourceTree = "<group>"; };
		219D563D1A3F47BE00162FEA /* CODEVS4.0 */ = {isa = PBXFileReference; explicitFileType = "compiled.mach-o.executable"; includeInIndex = 0; path = CODEVS4.0; sourceTree = BUILT_PRODUCTS_DIR; };
		219D56401A3F47BE00162FEA /* main.cpp */ = {isa = PBXFileReference; lastKnownFileType = sourcecode.cpp.cpp; path = main.cpp; sourceTree = "<group>"; };
		219D56471A3F497F00162FEA /* IOManager.cpp */ = {isa = PBXFileReference; fileEncoding = 4; lastKnownFileType = sourcecode.cpp.cpp; path = IOManager.cpp; sourceTree = "<group>"; };
		219D56481A3F497F00162FEA /* IOManager.h */ = {isa = PBXFileReference; fileEncoding = 4; lastKnownFileType = sourcecode.c.h; path = IOManager.h; sourceTree = "<group>"; };
/* End PBXFileReference section */

/* Begin PBXFrameworksBuildPhase section */
		219D563A1A3F47BE00162FEA /* Frameworks */ = {
			isa = PBXFrameworksBuildPhase;
			buildActionMask = 2147483647;
			files = (
			);
			runOnlyForDeploymentPostprocessing = 0;
		};
/* End PBXFrameworksBuildPhase section */

/* Begin PBXGroup section */
		213DC4351A49241800E5DC85 /* Libs */ = {
			isa = PBXGroup;
			children = (
				219D56471A3F497F00162FEA /* IOManager.cpp */,
				219D56481A3F497F00162FEA /* IOManager.h */,
				216121161A4890A100C7C139 /* Player.cpp */,
				216121171A4890A100C7C139 /* Player.h */,
				216121191A4890AD00C7C139 /* Field.cpp */,
				2161211A1A4890AD00C7C139 /* Field.h */,
				2161211C1A4890BD00C7C139 /* Game.cpp */,
				2161211D1A4890BD00C7C139 /* Game.h */,
				213DC4361A492BFE00E5DC85 /* Library.cpp */,
				213DC4371A492BFE00E5DC85 /* Library.h */,
				21149D291A73EABD00C34F40 /* PlayerUnit.cpp */,
				21149D2A1A73EABD00C34F40 /* PlayerUnit.h */,
			);
			name = Libs;
			sourceTree = "<group>";
		};
		218904631A6ED194008372A7 /* ExtraAI */ = {
			isa = PBXGroup;
			children = (
				217215591A6A632E00E3F464 /* ExtraAI_Base.cpp */,
				2172155A1A6A632E00E3F464 /* ExtraAI.h */,
				218904641A6ED1BB008372A7 /* ExtraAI_Search.cpp */,
				218904661A6ED1DB008372A7 /* ExtraAI_Custom.cpp */,
				21149D271A72B43300C34F40 /* ExtraAI_Quick.cpp */,
			);
			name = ExtraAI;
			sourceTree = "<group>";
		};
		219D56341A3F47BE00162FEA = {
			isa = PBXGroup;
			children = (
				219D563F1A3F47BE00162FEA /* CODEVS4.0 */,
				219D563E1A3F47BE00162FEA /* Products */,
			);
			sourceTree = "<group>";
		};
		219D563E1A3F47BE00162FEA /* Products */ = {
			isa = PBXGroup;
			children = (
				219D563D1A3F47BE00162FEA /* CODEVS4.0 */,
			);
			name = Products;
			sourceTree = "<group>";
		};
		219D563F1A3F47BE00162FEA /* CODEVS4.0 */ = {
			isa = PBXGroup;
			children = (
				218904631A6ED194008372A7 /* ExtraAI */,
				213DC4351A49241800E5DC85 /* Libs */,
				219D56401A3F47BE00162FEA /* main.cpp */,
				2161211F1A48925100C7C139 /* AI.cpp */,
				216121201A48925100C7C139 /* AI.h */,
				216DBDB41A5ECA62002942FF /* QuickAI.cpp */,
				216DBDB51A5ECA62002942FF /* QuickAI.h */,
			);
			path = CODEVS4.0;
			sourceTree = "<group>";
		};
/* End PBXGroup section */

/* Begin PBXNativeTarget section */
		219D563C1A3F47BE00162FEA /* CODEVS4.0 */ = {
			isa = PBXNativeTarget;
			buildConfigurationList = 219D56441A3F47BE00162FEA /* Build configuration list for PBXNativeTarget "CODEVS4.0" */;
			buildPhases = (
				219D56391A3F47BE00162FEA /* Sources */,
				219D563A1A3F47BE00162FEA /* Frameworks */,
				219D563B1A3F47BE00162FEA /* CopyFiles */,
			);
			buildRules = (
			);
			dependencies = (
			);
			name = CODEVS4.0;
			productName = CODEVS4.0;
			productReference = 219D563D1A3F47BE00162FEA /* CODEVS4.0 */;
			productType = "com.apple.product-type.tool";
		};
/* End PBXNativeTarget section */

/* Begin PBXProject section */
		219D56351A3F47BE00162FEA /* Project object */ = {
			isa = PBXProject;
			attributes = {
				LastUpgradeCheck = 0600;
				ORGANIZATIONNAME = TakanoriMatsumoto;
				TargetAttributes = {
					219D563C1A3F47BE00162FEA = {
						CreatedOnToolsVersion = 6.0.1;
					};
				};
			};
			buildConfigurationList = 219D56381A3F47BE00162FEA /* Build configuration list for PBXProject "CODEVS4.0" */;
			compatibilityVersion = "Xcode 3.2";
			developmentRegion = English;
			hasScannedForEncodings = 0;
			knownRegions = (
				en,
			);
			mainGroup = 219D56341A3F47BE00162FEA;
			productRefGroup = 219D563E1A3F47BE00162FEA /* Products */;
			projectDirPath = "";
			projectRoot = "";
			targets = (
				219D563C1A3F47BE00162FEA /* CODEVS4.0 */,
			);
		};
/* End PBXProject section */

/* Begin PBXSourcesBuildPhase section */
		219D56391A3F47BE00162FEA /* Sources */ = {
			isa = PBXSourcesBuildPhase;
			buildActionMask = 2147483647;
			files = (
				218904651A6ED1BB008372A7 /* ExtraAI_Search.cpp in Sources */,
				219D56411A3F47BE00162FEA /* main.cpp in Sources */,
				219D56491A3F497F00162FEA /* IOManager.cpp in Sources */,
				2172155B1A6A632E00E3F464 /* ExtraAI_Base.cpp in Sources */,
				2161211B1A4890AD00C7C139 /* Field.cpp in Sources */,
				21149D2B1A73EABD00C34F40 /* PlayerUnit.cpp in Sources */,
				216DBDB61A5ECA62002942FF /* QuickAI.cpp in Sources */,
				218904671A6ED1DB008372A7 /* ExtraAI_Custom.cpp in Sources */,
				213DC4381A492BFE00E5DC85 /* Library.cpp in Sources */,
				21149D281A72B43300C34F40 /* ExtraAI_Quick.cpp in Sources */,
				216121181A4890A100C7C139 /* Player.cpp in Sources */,
				2161211E1A4890BD00C7C139 /* Game.cpp in Sources */,
				216121211A48925100C7C139 /* AI.cpp in Sources */,
			);
			runOnlyForDeploymentPostprocessing = 0;
		};
/* End PBXSourcesBuildPhase section */

/* Begin XCBuildConfiguration section */
		219D56421A3F47BE00162FEA /* Debug */ = {
			isa = XCBuildConfiguration;
			buildSettings = {
				ALWAYS_SEARCH_USER_PATHS = NO;
				CLANG_CXX_LANGUAGE_STANDARD = "gnu++0x";
				CLANG_CXX_LIBRARY = "libc++";
				CLANG_ENABLE_MODULES = YES;
				CLANG_ENABLE_OBJC_ARC = YES;
				CLANG_WARN_BOOL_CONVERSION = YES;
				CLANG_WARN_CONSTANT_CONVERSION = YES;
				CLANG_WARN_DIRECT_OBJC_ISA_USAGE = YES_ERROR;
				CLANG_WARN_EMPTY_BODY = YES;
				CLANG_WARN_ENUM_CONVERSION = YES;
				CLANG_WARN_INT_CONVERSION = YES;
				CLANG_WARN_OBJC_ROOT_CLASS = YES_ERROR;
				CLANG_WARN_UNREACHABLE_CODE = YES;
				CLANG_WARN__DUPLICATE_METHOD_MATCH = YES;
				COPY_PHASE_STRIP = NO;
				ENABLE_STRICT_OBJC_MSGSEND = YES;
				GCC_C_LANGUAGE_STANDARD = gnu99;
				GCC_DYNAMIC_NO_PIC = NO;
				GCC_OPTIMIZATION_LEVEL = 0;
				GCC_PREPROCESSOR_DEFINITIONS = (
					"DEBUG=1",
					"$(inherited)",
				);
				GCC_SYMBOLS_PRIVATE_EXTERN = NO;
				GCC_WARN_64_TO_32_BIT_CONVERSION = YES;
				GCC_WARN_ABOUT_RETURN_TYPE = YES_ERROR;
				GCC_WARN_UNDECLARED_SELECTOR = YES;
				GCC_WARN_UNINITIALIZED_AUTOS = YES_AGGRESSIVE;
				GCC_WARN_UNUSED_FUNCTION = YES;
				GCC_WARN_UNUSED_VARIABLE = YES;
				MACOSX_DEPLOYMENT_TARGET = 10.9;
				MTL_ENABLE_DEBUG_INFO = YES;
				ONLY_ACTIVE_ARCH = YES;
				SDKROOT = macosx;
			};
			name = Debug;
		};
		219D56431A3F47BE00162FEA /* Release */ = {
			isa = XCBuildConfiguration;
			buildSettings = {
				ALWAYS_SEARCH_USER_PATHS = NO;
				CLANG_CXX_LANGUAGE_STANDARD = "gnu++0x";
				CLANG_CXX_LIBRARY = "libc++";
				CLANG_ENABLE_MODULES = YES;
				CLANG_ENABLE_OBJC_ARC = YES;
				CLANG_WARN_BOOL_CONVERSION = YES;
				CLANG_WARN_CONSTANT_CONVERSION = YES;
				CLANG_WARN_DIRECT_OBJC_ISA_USAGE = YES_ERROR;
				CLANG_WARN_EMPTY_BODY = YES;
				CLANG_WARN_ENUM_CONVERSION = YES;
				CLANG_WARN_INT_CONVERSION = YES;
				CLANG_WARN_OBJC_ROOT_CLASS = YES_ERROR;
				CLANG_WARN_UNREACHABLE_CODE = YES;
				CLANG_WARN__DUPLICATE_METHOD_MATCH = YES;
				COPY_PHASE_STRIP = YES;
				DEBUG_INFORMATION_FORMAT = "dwarf-with-dsym";
				ENABLE_NS_ASSERTIONS = NO;
				ENABLE_STRICT_OBJC_MSGSEND = YES;
				GCC_C_LANGUAGE_STANDARD = gnu99;
				GCC_WARN_64_TO_32_BIT_CONVERSION = YES;
				GCC_WARN_ABOUT_RETURN_TYPE = YES_ERROR;
				GCC_WARN_UNDECLARED_SELECTOR = YES;
				GCC_WARN_UNINITIALIZED_AUTOS = YES_AGGRESSIVE;
				GCC_WARN_UNUSED_FUNCTION = YES;
				GCC_WARN_UNUSED_VARIABLE = YES;
				MACOSX_DEPLOYMENT_TARGET = 10.9;
				MTL_ENABLE_DEBUG_INFO = NO;
				SDKROOT = macosx;
			};
			name = Release;
		};
		219D56451A3F47BE00162FEA /* Debug */ = {
			isa = XCBuildConfiguration;
			buildSettings = {
				PRODUCT_NAME = "$(TARGET_NAME)";
			};
			name = Debug;
		};
		219D56461A3F47BE00162FEA /* Release */ = {
			isa = XCBuildConfiguration;
			buildSettings = {
				PRODUCT_NAME = "$(TARGET_NAME)";
			};
			name = Release;
		};
/* End XCBuildConfiguration section */

/* Begin XCConfigurationList section */
		219D56381A3F47BE00162FEA /* Build configuration list for PBXProject "CODEVS4.0" */ = {
			isa = XCConfigurationList;
			buildConfigurations = (
				219D56421A3F47BE00162FEA /* Debug */,
				219D56431A3F47BE00162FEA /* Release */,
			);
			defaultConfigurationIsVisible = 0;
			defaultConfigurationName = Release;
		};
		219D56441A3F47BE00162FEA /* Build configuration list for PBXNativeTarget "CODEVS4.0" */ = {
			isa = XCConfigurationList;
			buildConfigurations = (
				219D56451A3F47BE00162FEA /* Debug */,
				219D56461A3F47BE00162FEA /* Release */,
			);
			defaultConfigurationIsVisible = 0;
			defaultConfigurationName = Release;
		};
/* End XCConfigurationList section */
	};
	rootObject = 219D56351A3F47BE00162FEA /* Project object */;
}
